
Microsoft Visual Studio Solution File, Format Version 12.00
# Visual Studio Version 16
VisualStudioVersion = 16.0.30011.22
MinimumVisualStudioVersion = 10.0.40219.1
Project("{FAE04EC0-301F-11D3-BF4B-00C04F79EFBC}") = "confluent-producer", "confluent-producer\confluent-producer.csproj", "{233827E0-C82A-4B58-A11A-8073D4E6B1B7}"
EndProject
Project("{FAE04EC0-301F-11D3-BF4B-00C04F79EFBC}") = "confluent-consumer", "confluent-consumer\confluent-consumer.csproj", "{5D5C0264-4C80-435E-AE3F-31ACC14D23E7}"
EndProject
Project("{9A19103F-16F7-4668-BE54-9A1E7A4F7556}") = "confluent-lib", "confluent-lib\confluent-lib.csproj", "{E5BA1E05-36D2-4805-8B35-8A5B1F2E2513}"
EndProject
Project("{2150E333-8FDC-42A3-9474-1A3956D46DE8}") = "libraries", "libraries", "{A44849AF-8BD5-46B0-A75D-FA68875CC65B}"
	ProjectSection(SolutionItems) = preProject
		libraries\DataWarehouseAutomation.dll = libraries\DataWarehouseAutomation.dll
	EndProjectSection
EndProject
Global
	GlobalSection(SolutionConfigurationPlatforms) = preSolution
		Debug|Any CPU = Debug|Any CPU
		Release|Any CPU = Release|Any CPU
	EndGlobalSection
	GlobalSection(ProjectConfigurationPlatforms) = postSolution
		{233827E0-C82A-4B58-A11A-8073D4E6B1B7}.Debug|Any CPU.ActiveCfg = Debug|Any CPU
		{233827E0-C82A-4B58-A11A-8073D4E6B1B7}.Debug|Any CPU.Build.0 = Debug|Any CPU
		{233827E0-C82A-4B58-A11A-8073D4E6B1B7}.Release|Any CPU.ActiveCfg = Release|Any CPU
		{233827E0-C82A-4B58-A11A-8073D4E6B1B7}.Release|Any CPU.Build.0 = Release|Any CPU
		{5D5C0264-4C80-435E-AE3F-31ACC14D23E7}.Debug|Any CPU.ActiveCfg = Debug|Any CPU
		{5D5C0264-4C80-435E-AE3F-31ACC14D23E7}.Debug|Any CPU.Build.0 = Debug|Any CPU
		{5D5C0264-4C80-435E-AE3F-31ACC14D23E7}.Release|Any CPU.ActiveCfg = Release|Any CPU
		{5D5C0264-4C80-435E-AE3F-31ACC14D23E7}.Release|Any CPU.Build.0 = Release|Any CPU
		{E5BA1E05-36D2-4805-8B35-8A5B1F2E2513}.Debug|Any CPU.ActiveCfg = Debug|Any CPU
		{E5BA1E05-36D2-4805-8B35-8A5B1F2E2513}.Debug|Any CPU.Build.0 = Debug|Any CPU
		{E5BA1E05-36D2-4805-8B35-8A5B1F2E2513}.Release|Any CPU.ActiveCfg = Release|Any CPU
		{E5BA1E05-36D2-4805-8B35-8A5B1F2E2513}.Release|Any CPU.Build.0 = Release|Any CPU
	EndGlobalSection
	GlobalSection(SolutionProperties) = preSolution
		HideSolutionNode = FALSE
	EndGlobalSection
	GlobalSection(ExtensibilityGlobals) = postSolution
		SolutionGuid = {C0EA58D4-A234-4474-8BEC-3F705E587D51}
	EndGlobalSection
EndGlobal
